// !$*UTF8*$!
{
	archiveVersion = 1;
	classes = {
	};
	objectVersion = 51;
	objects = {

/* Begin PBXBuildFile section */
		87BC1C97149590C08A1F5941 /* Pods_StarTrivia.framework in Frameworks */ = {isa = PBXBuildFile; fileRef = 1AAD92C3A9F470F53F3D4F7A /* Pods_StarTrivia.framework */; };
		F0070CF622C5037F00644833 /* FadeEnabledButton.swift in Sources */ = {isa = PBXBuildFile; fileRef = F0070CF522C5037F00644833 /* FadeEnabledButton.swift */; };
		F0070CF822C50AAE00644833 /* HomeWorldViewController.swift in Sources */ = {isa = PBXBuildFile; fileRef = F0070CF722C50AAE00644833 /* HomeWorldViewController.swift */; };
		F0070CFA22C50AD300644833 /* VehiclesViewController.swift in Sources */ = {isa = PBXBuildFile; fileRef = F0070CF922C50AD300644833 /* VehiclesViewController.swift */; };
		F0070CFC22C50AF400644833 /* StarshipsViewController.swift in Sources */ = {isa = PBXBuildFile; fileRef = F0070CFB22C50AF400644833 /* StarshipsViewController.swift */; };
		F0070CFE22C50B0000644833 /* FilmsViewController.swift in Sources */ = {isa = PBXBuildFile; fileRef = F0070CFD22C50B0000644833 /* FilmsViewController.swift */; };
		F03E9A0422B1533400BA219B /* BlackBgView.swift in Sources */ = {isa = PBXBuildFile; fileRef = F03E9A0322B1533400BA219B /* BlackBgView.swift */; };
		F03E9A0722B1543F00BA219B /* Constants.swift in Sources */ = {isa = PBXBuildFile; fileRef = F03E9A0622B1543F00BA219B /* Constants.swift */; };
		F06B780322B7DF56007ECBCE /* PersonApi.swift in Sources */ = {isa = PBXBuildFile; fileRef = F06B780222B7DF56007ECBCE /* PersonApi.swift */; };
		F06B780522B7E85C007ECBCE /* Person.swift in Sources */ = {isa = PBXBuildFile; fileRef = F06B780422B7E85C007ECBCE /* Person.swift */; };
		F0BEF27322A96DAF00112500 /* AppDelegate.swift in Sources */ = {isa = PBXBuildFile; fileRef = F0BEF27222A96DAF00112500 /* AppDelegate.swift */; };
		F0BEF27522A96DAF00112500 /* SelectPersonViewController.swift in Sources */ = {isa = PBXBuildFile; fileRef = F0BEF27422A96DAF00112500 /* SelectPersonViewController.swift */; };
		F0BEF27822A96DAF00112500 /* Main.storyboard in Resources */ = {isa = PBXBuildFile; fileRef = F0BEF27622A96DAF00112500 /* Main.storyboard */; };
		F0BEF27A22A96DB100112500 /* Assets.xcassets in Resources */ = {isa = PBXBuildFile; fileRef = F0BEF27922A96DB100112500 /* Assets.xcassets */; };
		F0BEF27D22A96DB100112500 /* LaunchScreen.storyboard in Resources */ = {isa = PBXBuildFile; fileRef = F0BEF27B22A96DB100112500 /* LaunchScreen.storyboard */; };
		F0BEF29222AAB6FC00112500 /* Starjedi.ttf in Resources */ = {isa = PBXBuildFile; fileRef = F0BEF28F22AAB6FC00112500 /* Starjedi.ttf */; };
		F0BEF29322AAB6FC00112500 /* Starjhol.ttf in Resources */ = {isa = PBXBuildFile; fileRef = F0BEF29022AAB6FC00112500 /* Starjhol.ttf */; };
		F0BEF29422AAB6FC00112500 /* Starjout.ttf in Resources */ = {isa = PBXBuildFile; fileRef = F0BEF29122AAB6FC00112500 /* Starjout.ttf */; };
/* End PBXBuildFile section */

/* Begin PBXFileReference section */
		1057976BEACE23A4876A1E77 /* Pods-StarTrivia.debug.xcconfig */ = {isa = PBXFileReference; includeInIndex = 1; lastKnownFileType = text.xcconfig; name = "Pods-StarTrivia.debug.xcconfig"; path = "Target Support Files/Pods-StarTrivia/Pods-StarTrivia.debug.xcconfig"; sourceTree = "<group>"; };
		1AAD92C3A9F470F53F3D4F7A /* Pods_StarTrivia.framework */ = {isa = PBXFileReference; explicitFileType = wrapper.framework; includeInIndex = 0; path = Pods_StarTrivia.framework; sourceTree = BUILT_PRODUCTS_DIR; };
		BC4FA5142BCEDB81F6B50C2C /* Pods-StarTrivia.release.xcconfig */ = {isa = PBXFileReference; includeInIndex = 1; lastKnownFileType = text.xcconfig; name = "Pods-StarTrivia.release.xcconfig"; path = "Target Support Files/Pods-StarTrivia/Pods-StarTrivia.release.xcconfig"; sourceTree = "<group>"; };
		F0070CF522C5037F00644833 /* FadeEnabledButton.swift */ = {isa = PBXFileReference; lastKnownFileType = sourcecode.swift; path = FadeEnabledButton.swift; sourceTree = "<group>"; };
		F0070CF722C50AAE00644833 /* HomeWorldViewController.swift */ = {isa = PBXFileReference; lastKnownFileType = sourcecode.swift; path = HomeWorldViewController.swift; sourceTree = "<group>"; };
		F0070CF922C50AD300644833 /* VehiclesViewController.swift */ = {isa = PBXFileReference; lastKnownFileType = sourcecode.swift; path = VehiclesViewController.swift; sourceTree = "<group>"; };
		F0070CFB22C50AF400644833 /* StarshipsViewController.swift */ = {isa = PBXFileReference; lastKnownFileType = sourcecode.swift; path = StarshipsViewController.swift; sourceTree = "<group>"; };
		F0070CFD22C50B0000644833 /* FilmsViewController.swift */ = {isa = PBXFileReference; lastKnownFileType = sourcecode.swift; path = FilmsViewController.swift; sourceTree = "<group>"; };
		F03E9A0322B1533400BA219B /* BlackBgView.swift */ = {isa = PBXFileReference; lastKnownFileType = sourcecode.swift; path = BlackBgView.swift; sourceTree = "<group>"; };
		F03E9A0622B1543F00BA219B /* Constants.swift */ = {isa = PBXFileReference; lastKnownFileType = sourcecode.swift; path = Constants.swift; sourceTree = "<group>"; };
		F06B780222B7DF56007ECBCE /* PersonApi.swift */ = {isa = PBXFileReference; lastKnownFileType = sourcecode.swift; path = PersonApi.swift; sourceTree = "<group>"; };
		F06B780422B7E85C007ECBCE /* Person.swift */ = {isa = PBXFileReference; lastKnownFileType = sourcecode.swift; path = Person.swift; sourceTree = "<group>"; };
		F0BEF26F22A96DAF00112500 /* StarTrivia.app */ = {isa = PBXFileReference; explicitFileType = wrapper.application; includeInIndex = 0; path = StarTrivia.app; sourceTree = BUILT_PRODUCTS_DIR; };
		F0BEF27222A96DAF00112500 /* AppDelegate.swift */ = {isa = PBXFileReference; lastKnownFileType = sourcecode.swift; path = AppDelegate.swift; sourceTree = "<group>"; };
		F0BEF27422A96DAF00112500 /* SelectPersonViewController.swift */ = {isa = PBXFileReference; lastKnownFileType = sourcecode.swift; path = SelectPersonViewController.swift; sourceTree = "<group>"; };
		F0BEF27722A96DAF00112500 /* Base */ = {isa = PBXFileReference; lastKnownFileType = file.storyboard; name = Base; path = Base.lproj/Main.storyboard; sourceTree = "<group>"; };
		F0BEF27922A96DB100112500 /* Assets.xcassets */ = {isa = PBXFileReference; lastKnownFileType = folder.assetcatalog; path = Assets.xcassets; sourceTree = "<group>"; };
		F0BEF27C22A96DB100112500 /* Base */ = {isa = PBXFileReference; lastKnownFileType = file.storyboard; name = Base; path = Base.lproj/LaunchScreen.storyboard; sourceTree = "<group>"; };
		F0BEF27E22A96DB100112500 /* Info.plist */ = {isa = PBXFileReference; lastKnownFileType = text.plist.xml; path = Info.plist; sourceTree = "<group>"; };
		F0BEF28F22AAB6FC00112500 /* Starjedi.ttf */ = {isa = PBXFileReference; lastKnownFileType = file; path = Starjedi.ttf; sourceTree = "<group>"; };
		F0BEF29022AAB6FC00112500 /* Starjhol.ttf */ = {isa = PBXFileReference; lastKnownFileType = file; path = Starjhol.ttf; sourceTree = "<group>"; };
		F0BEF29122AAB6FC00112500 /* Starjout.ttf */ = {isa = PBXFileReference; lastKnownFileType = file; path = Starjout.ttf; sourceTree = "<group>"; };
/* End PBXFileReference section */

/* Begin PBXFrameworksBuildPhase section */
		F0BEF26C22A96DAF00112500 /* Frameworks */ = {
			isa = PBXFrameworksBuildPhase;
			buildActionMask = 2147483647;
			files = (
				87BC1C97149590C08A1F5941 /* Pods_StarTrivia.framework in Frameworks */,
			);
			runOnlyForDeploymentPostprocessing = 0;
		};
/* End PBXFrameworksBuildPhase section */

/* Begin PBXGroup section */
		7A48E5EE5BF77A1DE39B4A9E /* Pods */ = {
			isa = PBXGroup;
			children = (
				1057976BEACE23A4876A1E77 /* Pods-StarTrivia.debug.xcconfig */,
				BC4FA5142BCEDB81F6B50C2C /* Pods-StarTrivia.release.xcconfig */,
			);
			path = Pods;
			sourceTree = "<group>";
		};
		D9157A61D2E5215302B460C1 /* Frameworks */ = {
			isa = PBXGroup;
			children = (
				1AAD92C3A9F470F53F3D4F7A /* Pods_StarTrivia.framework */,
			);
			name = Frameworks;
			sourceTree = "<group>";
		};
		F03E9A0522B1541200BA219B /* Utils */ = {
			isa = PBXGroup;
			children = (
				F03E9A0622B1543F00BA219B /* Constants.swift */,
			);
			path = Utils;
			sourceTree = "<group>";
		};
		F06B780122B7DF2D007ECBCE /* Services */ = {
			isa = PBXGroup;
			children = (
				F06B780222B7DF56007ECBCE /* PersonApi.swift */,
			);
			path = Services;
			sourceTree = "<group>";
		};
		F0BEF26622A96DAF00112500 = {
			isa = PBXGroup;
			children = (
				F0BEF27122A96DAF00112500 /* StarTrivia */,
				F0BEF27022A96DAF00112500 /* Products */,
				7A48E5EE5BF77A1DE39B4A9E /* Pods */,
				D9157A61D2E5215302B460C1 /* Frameworks */,
			);
			sourceTree = "<group>";
		};
		F0BEF27022A96DAF00112500 /* Products */ = {
			isa = PBXGroup;
			children = (
				F0BEF26F22A96DAF00112500 /* StarTrivia.app */,
			);
			name = Products;
			sourceTree = "<group>";
		};
		F0BEF27122A96DAF00112500 /* StarTrivia */ = {
			isa = PBXGroup;
			children = (
				F0BEF29722AAB75600112500 /* Model */,
				F0BEF29822AAB75D00112500 /* View */,
				F0BEF29922AAB76400112500 /* Controller */,
				F0BEF27222A96DAF00112500 /* AppDelegate.swift */,
				F06B780122B7DF2D007ECBCE /* Services */,
				F03E9A0522B1541200BA219B /* Utils */,
				F0BEF29622AAB72900112500 /* Resources */,
				F0BEF27622A96DAF00112500 /* Main.storyboard */,
				F0BEF27922A96DB100112500 /* Assets.xcassets */,
				F0BEF27B22A96DB100112500 /* LaunchScreen.storyboard */,
				F0BEF27E22A96DB100112500 /* Info.plist */,
			);
			path = StarTrivia;
			sourceTree = "<group>";
		};
		F0BEF29522AAB71600112500 /* Fonts */ = {
			isa = PBXGroup;
			children = (
				F0BEF28F22AAB6FC00112500 /* Starjedi.ttf */,
				F0BEF29022AAB6FC00112500 /* Starjhol.ttf */,
				F0BEF29122AAB6FC00112500 /* Starjout.ttf */,
			);
			path = Fonts;
			sourceTree = "<group>";
		};
		F0BEF29622AAB72900112500 /* Resources */ = {
			isa = PBXGroup;
			children = (
				F0BEF29522AAB71600112500 /* Fonts */,
			);
			path = Resources;
			sourceTree = "<group>";
		};
		F0BEF29722AAB75600112500 /* Model */ = {
			isa = PBXGroup;
			children = (
				F06B780422B7E85C007ECBCE /* Person.swift */,
			);
			path = Model;
			sourceTree = "<group>";
		};
		F0BEF29822AAB75D00112500 /* View */ = {
			isa = PBXGroup;
			children = (
				F03E9A0322B1533400BA219B /* BlackBgView.swift */,
				F0070CF522C5037F00644833 /* FadeEnabledButton.swift */,
			);
			path = View;
			sourceTree = "<group>";
		};
		F0BEF29922AAB76400112500 /* Controller */ = {
			isa = PBXGroup;
			children = (
				F0BEF27422A96DAF00112500 /* SelectPersonViewController.swift */,
				F0070CF722C50AAE00644833 /* HomeWorldViewController.swift */,
				F0070CF922C50AD300644833 /* VehiclesViewController.swift */,
				F0070CFB22C50AF400644833 /* StarshipsViewController.swift */,
				F0070CFD22C50B0000644833 /* FilmsViewController.swift */,
			);
			path = Controller;
			sourceTree = "<group>";
		};
/* End PBXGroup section */

/* Begin PBXNativeTarget section */
		F0BEF26E22A96DAF00112500 /* StarTrivia */ = {
			isa = PBXNativeTarget;
			buildConfigurationList = F0BEF28122A96DB100112500 /* Build configuration list for PBXNativeTarget "StarTrivia" */;
			buildPhases = (
				152C17850D3AAA848081F38B /* [CP] Check Pods Manifest.lock */,
				F0BEF26B22A96DAF00112500 /* Sources */,
				F0BEF26C22A96DAF00112500 /* Frameworks */,
				F0BEF26D22A96DAF00112500 /* Resources */,
				3473A169D774496FF1B7375C /* [CP] Embed Pods Frameworks */,
			);
			buildRules = (
			);
			dependencies = (
			);
			name = StarTrivia;
			productName = StarTrivia;
			productReference = F0BEF26F22A96DAF00112500 /* StarTrivia.app */;
			productType = "com.apple.product-type.application";
		};
/* End PBXNativeTarget section */

/* Begin PBXProject section */
		F0BEF26722A96DAF00112500 /* Project object */ = {
			isa = PBXProject;
			attributes = {
				LastSwiftUpdateCheck = 1020;
				LastUpgradeCheck = 1020;
				ORGANIZATIONNAME = "Volodymyr Kochergin";
				TargetAttributes = {
					F0BEF26E22A96DAF00112500 = {
						CreatedOnToolsVersion = 10.2.1;
					};
				};
			};
			buildConfigurationList = F0BEF26A22A96DAF00112500 /* Build configuration list for PBXProject "StarTrivia" */;
			compatibilityVersion = "Xcode 9.3";
			developmentRegion = en;
			hasScannedForEncodings = 0;
			knownRegions = (
				en,
				Base,
			);
			mainGroup = F0BEF26622A96DAF00112500;
			productRefGroup = F0BEF27022A96DAF00112500 /* Products */;
			projectDirPath = "";
			projectRoot = "";
			targets = (
				F0BEF26E22A96DAF00112500 /* StarTrivia */,
			);
		};
/* End PBXProject section */

/* Begin PBXResourcesBuildPhase section */
		F0BEF26D22A96DAF00112500 /* Resources */ = {
			isa = PBXResourcesBuildPhase;
			buildActionMask = 2147483647;
			files = (
				F0BEF27D22A96DB100112500 /* LaunchScreen.storyboard in Resources */,
				F0BEF27A22A96DB100112500 /* Assets.xcassets in Resources */,
				F0BEF29222AAB6FC00112500 /* Starjedi.ttf in Resources */,
				F0BEF29322AAB6FC00112500 /* Starjhol.ttf in Resources */,
				F0BEF29422AAB6FC00112500 /* Starjout.ttf in Resources */,
				F0BEF27822A96DAF00112500 /* Main.storyboard in Resources */,
			);
			runOnlyForDeploymentPostprocessing = 0;
		};
/* End PBXResourcesBuildPhase section */

/* Begin PBXShellScriptBuildPhase section */
		152C17850D3AAA848081F38B /* [CP] Check Pods Manifest.lock */ = {
			isa = PBXShellScriptBuildPhase;
			buildActionMask = 2147483647;
			files = (
			);
			inputFileListPaths = (
			);
			inputPaths = (
				"${PODS_PODFILE_DIR_PATH}/Podfile.lock",
				"${PODS_ROOT}/Manifest.lock",
			);
			name = "[CP] Check Pods Manifest.lock";
			outputFileListPaths = (
			);
			outputPaths = (
				"$(DERIVED_FILE_DIR)/Pods-StarTrivia-checkManifestLockResult.txt",
			);
			runOnlyForDeploymentPostprocessing = 0;
			shellPath = /bin/sh;
			shellScript = "diff \"${PODS_PODFILE_DIR_PATH}/Podfile.lock\" \"${PODS_ROOT}/Manifest.lock\" > /dev/null\nif [ $? != 0 ] ; then\n    # print error to STDERR\n    echo \"error: The sandbox is not in sync with the Podfile.lock. Run 'pod install' or update your CocoaPods installation.\" >&2\n    exit 1\nfi\n# This output is used by Xcode 'outputs' to avoid re-running this script phase.\necho \"SUCCESS\" > \"${SCRIPT_OUTPUT_FILE_0}\"\n";
			showEnvVarsInLog = 0;
		};
		3473A169D774496FF1B7375C /* [CP] Embed Pods Frameworks */ = {
			isa = PBXShellScriptBuildPhase;
			buildActionMask = 2147483647;
			files = (
			);
			inputFileListPaths = (
				"${PODS_ROOT}/Target Support Files/Pods-StarTrivia/Pods-StarTrivia-frameworks-${CONFIGURATION}-input-files.xcfilelist",
			);
			name = "[CP] Embed Pods Frameworks";
			outputFileListPaths = (
				"${PODS_ROOT}/Target Support Files/Pods-StarTrivia/Pods-StarTrivia-frameworks-${CONFIGURATION}-output-files.xcfilelist",
			);
			runOnlyForDeploymentPostprocessing = 0;
			shellPath = /bin/sh;
			shellScript = "\"${PODS_ROOT}/Target Support Files/Pods-StarTrivia/Pods-StarTrivia-frameworks.sh\"\n";
			showEnvVarsInLog = 0;
		};
/* End PBXShellScriptBuildPhase section */

/* Begin PBXSourcesBuildPhase section */
		F0BEF26B22A96DAF00112500 /* Sources */ = {
			isa = PBXSourcesBuildPhase;
			buildActionMask = 2147483647;
			files = (
				F0070CFA22C50AD300644833 /* VehiclesViewController.swift in Sources */,
				F0070CF822C50AAE00644833 /* HomeWorldViewController.swift in Sources */,
				F06B780522B7E85C007ECBCE /* Person.swift in Sources */,
				F0070CFE22C50B0000644833 /* FilmsViewController.swift in Sources */,
				F0070CF622C5037F00644833 /* FadeEnabledButton.swift in Sources */,
				F0BEF27522A96DAF00112500 /* SelectPersonViewController.swift in Sources */,
				F0BEF27322A96DAF00112500 /* AppDelegate.swift in Sources */,
				F03E9A0422B1533400BA219B /* BlackBgView.swift in Sources */,
				F06B780322B7DF56007ECBCE /* PersonApi.swift in Sources */,
				F0070CFC22C50AF400644833 /* StarshipsViewController.swift in Sources */,
				F03E9A0722B1543F00BA219B /* Constants.swift in Sources */,
			);
			runOnlyForDeploymentPostprocessing = 0;
		};
/* End PBXSourcesBuildPhase section */

/* Begin PBXVariantGroup section */
		F0BEF27622A96DAF00112500 /* Main.storyboard */ = {
			isa = PBXVariantGroup;
			children = (
				F0BEF27722A96DAF00112500 /* Base */,
			);
			name = Main.storyboard;
			sourceTree = "<group>";
		};
		F0BEF27B22A96DB100112500 /* LaunchScreen.storyboard */ = {
			isa = PBXVariantGroup;
			children = (
				F0BEF27C22A96DB100112500 /* Base */,
			);
			name = LaunchScreen.storyboard;
			sourceTree = "<group>";
		};
/* End PBXVariantGroup section */

/* Begin XCBuildConfiguration section */
		F0BEF27F22A96DB100112500 /* Debug */ = {
			isa = XCBuildConfiguration;
			buildSettings = {
				ALWAYS_SEARCH_USER_PATHS = NO;
				CLANG_ANALYZER_NONNULL = YES;
				CLANG_ANALYZER_NUMBER_OBJECT_CONVERSION = YES_AGGRESSIVE;
				CLANG_CXX_LANGUAGE_STANDARD = "gnu++14";
				CLANG_CXX_LIBRARY = "libc++";
				CLANG_ENABLE_MODULES = YES;
				CLANG_ENABLE_OBJC_ARC = YES;
				CLANG_ENABLE_OBJC_WEAK = YES;
				CLANG_WARN_BLOCK_CAPTURE_AUTORELEASING = YES;
				CLANG_WARN_BOOL_CONVERSION = YES;
				CLANG_WARN_COMMA = YES;
				CLANG_WARN_CONSTANT_CONVERSION = YES;
				CLANG_WARN_DEPRECATED_OBJC_IMPLEMENTATIONS = YES;
				CLANG_WARN_DIRECT_OBJC_ISA_USAGE = YES_ERROR;
				CLANG_WARN_DOCUMENTATION_COMMENTS = YES;
				CLANG_WARN_EMPTY_BODY = YES;
				CLANG_WARN_ENUM_CONVERSION = YES;
				CLANG_WARN_INFINITE_RECURSION = YES;
				CLANG_WARN_INT_CONVERSION = YES;
				CLANG_WARN_NON_LITERAL_NULL_CONVERSION = YES;
				CLANG_WARN_OBJC_IMPLICIT_RETAIN_SELF = YES;
				CLANG_WARN_OBJC_LITERAL_CONVERSION = YES;
				CLANG_WARN_OBJC_ROOT_CLASS = YES_ERROR;
				CLANG_WARN_RANGE_LOOP_ANALYSIS = YES;
				CLANG_WARN_STRICT_PROTOTYPES = YES;
				CLANG_WARN_SUSPICIOUS_MOVE = YES;
				CLANG_WARN_UNGUARDED_AVAILABILITY = YES_AGGRESSIVE;
				CLANG_WARN_UNREACHABLE_CODE = YES;
				CLANG_WARN__DUPLICATE_METHOD_MATCH = YES;
				CODE_SIGN_IDENTITY = "iPhone Developer";
				COPY_PHASE_STRIP = NO;
				DEBUG_INFORMATION_FORMAT = dwarf;
				ENABLE_STRICT_OBJC_MSGSEND = YES;
				ENABLE_TESTABILITY = YES;
				GCC_C_LANGUAGE_STANDARD = gnu11;
				GCC_DYNAMIC_NO_PIC = NO;
				GCC_NO_COMMON_BLOCKS = YES;
				GCC_OPTIMIZATION_LEVEL = 0;
				GCC_PREPROCESSOR_DEFINITIONS = (
					"DEBUG=1",
					"$(inherited)",
				);
				GCC_WARN_64_TO_32_BIT_CONVERSION = YES;
				GCC_WARN_ABOUT_RETURN_TYPE = YES_ERROR;
				GCC_WARN_UNDECLARED_SELECTOR = YES;
				GCC_WARN_UNINITIALIZED_AUTOS = YES_AGGRESSIVE;
				GCC_WARN_UNUSED_FUNCTION = YES;
				GCC_WARN_UNUSED_VARIABLE = YES;
				IPHONEOS_DEPLOYMENT_TARGET = 12.2;
				MTL_ENABLE_DEBUG_INFO = INCLUDE_SOURCE;
				MTL_FAST_MATH = YES;
				ONLY_ACTIVE_ARCH = YES;
				SDKROOT = iphoneos;
				SWIFT_ACTIVE_COMPILATION_CONDITIONS = DEBUG;
				SWIFT_OPTIMIZATION_LEVEL = "-Onone";
			};
			name = Debug;
		};
		F0BEF28022A96DB100112500 /* Release */ = {
			isa = XCBuildConfiguration;
			buildSettings = {
				ALWAYS_SEARCH_USER_PATHS = NO;
				CLANG_ANALYZER_NONNULL = YES;
				CLANG_ANALYZER_NUMBER_OBJECT_CONVERSION = YES_AGGRESSIVE;
				CLANG_CXX_LANGUAGE_STANDARD = "gnu++14";
				CLANG_CXX_LIBRARY = "libc++";
				CLANG_ENABLE_MODULES = YES;
				CLANG_ENABLE_OBJC_ARC = YES;
				CLANG_ENABLE_OBJC_WEAK = YES;
				CLANG_WARN_BLOCK_CAPTURE_AUTORELEASING = YES;
				CLANG_WARN_BOOL_CONVERSION = YES;
				CLANG_WARN_COMMA = YES;
				CLANG_WARN_CONSTANT_CONVERSION = YES;
				CLANG_WARN_DEPRECATED_OBJC_IMPLEMENTATIONS = YES;
				CLANG_WARN_DIRECT_OBJC_ISA_USAGE = YES_ERROR;
				CLANG_WARN_DOCUMENTATION_COMMENTS = YES;
				CLANG_WARN_EMPTY_BODY = YES;
				CLANG_WARN_ENUM_CONVERSION = YES;
				CLANG_WARN_INFINITE_RECURSION = YES;
				CLANG_WARN_INT_CONVERSION = YES;
				CLANG_WARN_NON_LITERAL_NULL_CONVERSION = YES;
				CLANG_WARN_OBJC_IMPLICIT_RETAIN_SELF = YES;
				CLANG_WARN_OBJC_LITERAL_CONVERSION = YES;
				CLANG_WARN_OBJC_ROOT_CLASS = YES_ERROR;
				CLANG_WARN_RANGE_LOOP_ANALYSIS = YES;
				CLANG_WARN_STRICT_PROTOTYPES = YES;
				CLANG_WARN_SUSPICIOUS_MOVE = YES;
				CLANG_WARN_UNGUARDED_AVAILABILITY = YES_AGGRESSIVE;
				CLANG_WARN_UNREACHABLE_CODE = YES;
				CLANG_WARN__DUPLICATE_METHOD_MATCH = YES;
				CODE_SIGN_IDENTITY = "iPhone Developer";
				COPY_PHASE_STRIP = NO;
				DEBUG_INFORMATION_FORMAT = "dwarf-with-dsym";
				ENABLE_NS_ASSERTIONS = NO;
				ENABLE_STRICT_OBJC_MSGSEND = YES;
				GCC_C_LANGUAGE_STANDARD = gnu11;
				GCC_NO_COMMON_BLOCKS = YES;
				GCC_WARN_64_TO_32_BIT_CONVERSION = YES;
				GCC_WARN_ABOUT_RETURN_TYPE = YES_ERROR;
				GCC_WARN_UNDECLARED_SELECTOR = YES;
				GCC_WARN_UNINITIALIZED_AUTOS = YES_AGGRESSIVE;
				GCC_WARN_UNUSED_FUNCTION = YES;
				GCC_WARN_UNUSED_VARIABLE = YES;
				IPHONEOS_DEPLOYMENT_TARGET = 12.2;
				MTL_ENABLE_DEBUG_INFO = NO;
				MTL_FAST_MATH = YES;
				SDKROOT = iphoneos;
				SWIFT_COMPILATION_MODE = wholemodule;
				SWIFT_OPTIMIZATION_LEVEL = "-O";
				VALIDATE_PRODUCT = YES;
			};
			name = Release;
		};
		F0BEF28222A96DB100112500 /* Debug */ = {
			isa = XCBuildConfiguration;
			baseConfigurationReference = 1057976BEACE23A4876A1E77 /* Pods-StarTrivia.debug.xcconfig */;
			buildSettings = {
				ASSETCATALOG_COMPILER_APPICON_NAME = AppIcon;
				CODE_SIGN_STYLE = Automatic;
				DEVELOPMENT_TEAM = KZBPA3L4FW;
				INFOPLIST_FILE = StarTrivia/Info.plist;
				LD_RUNPATH_SEARCH_PATHS = (
					"$(inherited)",
					"@executable_path/Frameworks",
				);
				PRODUCT_BUNDLE_IDENTIFIER = com.vkochergin.StarTrivia;
				PRODUCT_NAME = "$(TARGET_NAME)";
				SWIFT_VERSION = 5.0;
				TARGETED_DEVICE_FAMILY = "1,2";
			};
			name = Debug;
		};
		F0BEF28322A96DB100112500 /* Release */ = {
			isa = XCBuildConfiguration;
			baseConfigurationReference = BC4FA5142BCEDB81F6B50C2C /* Pods-StarTrivia.release.xcconfig */;
			buildSettings = {
				ASSETCATALOG_COMPILER_APPICON_NAME = AppIcon;
				CODE_SIGN_STYLE = Automatic;
				DEVELOPMENT_TEAM = KZBPA3L4FW;
				INFOPLIST_FILE = StarTrivia/Info.plist;
				LD_RUNPATH_SEARCH_PATHS = (
					"$(inherited)",
					"@executable_path/Frameworks",
				);
				PRODUCT_BUNDLE_IDENTIFIER = com.vkochergin.StarTrivia;
				PRODUCT_NAME = "$(TARGET_NAME)";
				SWIFT_VERSION = 5.0;
				TARGETED_DEVICE_FAMILY = "1,2";
			};
			name = Release;
		};
/* End XCBuildConfiguration section */

/* Begin XCConfigurationList section */
		F0BEF26A22A96DAF00112500 /* Build configuration list for PBXProject "StarTrivia" */ = {
			isa = XCConfigurationList;
			buildConfigurations = (
				F0BEF27F22A96DB100112500 /* Debug */,
				F0BEF28022A96DB100112500 /* Release */,
			);
			defaultConfigurationIsVisible = 0;
			defaultConfigurationName = Release;
		};
		F0BEF28122A96DB100112500 /* Build configuration list for PBXNativeTarget "StarTrivia" */ = {
			isa = XCConfigurationList;
			buildConfigurations = (
				F0BEF28222A96DB100112500 /* Debug */,
				F0BEF28322A96DB100112500 /* Release */,
			);
			defaultConfigurationIsVisible = 0;
			defaultConfigurationName = Release;
		};
/* End XCConfigurationList section */
	};
	rootObject = F0BEF26722A96DAF00112500 /* Project object */;
}
